// !$*UTF8*$!
{
	archiveVersion = 1;
	classes = {
	};
	objectVersion = 55;
	objects = {

/* Begin PBXBuildFile section */
		F207DF2528C01F23002AAF46 /* main.m in Sources */ = {isa = PBXBuildFile; fileRef = F207DF2428C01F23002AAF46 /* main.m */; };
		F221CF9A28C11ECF0028840C /* main.m in Sources */ = {isa = PBXBuildFile; fileRef = F221CF9928C11ECF0028840C /* main.m */; };
		F24017B228C0579400ED9D98 /* Box.m in Sources */ = {isa = PBXBuildFile; fileRef = F24017B128C0579400ED9D98 /* Box.m */; };
		F2736AAE28BD1F39004D221F /* main.m in Sources */ = {isa = PBXBuildFile; fileRef = F2736AAD28BD1F39004D221F /* main.m */; };
		F284EE6528BF119A007B8CC7 /* main.m in Sources */ = {isa = PBXBuildFile; fileRef = F284EE6428BF119A007B8CC7 /* main.m */; };
		F286BF4928C163A20005317A /* main.m in Sources */ = {isa = PBXBuildFile; fileRef = F286BF4828C163A20005317A /* main.m */; };
		F286BF4D28C163EC0005317A /* ScoreKeeper.m in Sources */ = {isa = PBXBuildFile; fileRef = F286BF3928C140270005317A /* ScoreKeeper.m */; };
		F286BF4E28C163EC0005317A /* AdditionQuestion.m in Sources */ = {isa = PBXBuildFile; fileRef = F221CF9F28C125E50028840C /* AdditionQuestion.m */; };
		F286BF4F28C163EC0005317A /* InputHandler.m in Sources */ = {isa = PBXBuildFile; fileRef = F286BF3628C13CB60005317A /* InputHandler.m */; };
		F286BF5228C1642C0005317A /* ScoreKeeper.m in Sources */ = {isa = PBXBuildFile; fileRef = F286BF5128C1642C0005317A /* ScoreKeeper.m */; };
		F286BF5428C164400005317A /* InputHandler.m in Sources */ = {isa = PBXBuildFile; fileRef = F286BF5328C164400005317A /* InputHandler.m */; };
		F286BF5728C164500005317A /* Question.m in Sources */ = {isa = PBXBuildFile; fileRef = F286BF5628C164500005317A /* Question.m */; };
		F286BF5A28C167860005317A /* QuestionManager.m in Sources */ = {isa = PBXBuildFile; fileRef = F286BF5928C167860005317A /* QuestionManager.m */; };
		F286BF5D28C17C570005317A /* AdditionQuestion.m in Sources */ = {isa = PBXBuildFile; fileRef = F286BF5C28C17C570005317A /* AdditionQuestion.m */; };
		F286BF6028C17C660005317A /* SubtractionQuestion.m in Sources */ = {isa = PBXBuildFile; fileRef = F286BF5F28C17C660005317A /* SubtractionQuestion.m */; };
		F286BF6328C1828D0005317A /* QuestionFactory.m in Sources */ = {isa = PBXBuildFile; fileRef = F286BF6228C1828D0005317A /* QuestionFactory.m */; };
/* End PBXBuildFile section */

/* Begin PBXCopyFilesBuildPhase section */
		F207DF2028C01F23002AAF46 /* CopyFiles */ = {
			isa = PBXCopyFilesBuildPhase;
			buildActionMask = 2147483647;
			dstPath = /usr/share/man/man1/;
			dstSubfolderSpec = 0;
			files = (
			);
			runOnlyForDeploymentPostprocessing = 1;
		};
		F221CF9528C11ECF0028840C /* CopyFiles */ = {
			isa = PBXCopyFilesBuildPhase;
			buildActionMask = 2147483647;
			dstPath = /usr/share/man/man1/;
			dstSubfolderSpec = 0;
			files = (
			);
			runOnlyForDeploymentPostprocessing = 1;
		};
		F2736AA828BD1F39004D221F /* CopyFiles */ = {
			isa = PBXCopyFilesBuildPhase;
			buildActionMask = 2147483647;
			dstPath = /usr/share/man/man1/;
			dstSubfolderSpec = 0;
			files = (
			);
			runOnlyForDeploymentPostprocessing = 1;
		};
		F284EE6028BF119A007B8CC7 /* CopyFiles */ = {
			isa = PBXCopyFilesBuildPhase;
			buildActionMask = 2147483647;
			dstPath = /usr/share/man/man1/;
			dstSubfolderSpec = 0;
			files = (
			);
			runOnlyForDeploymentPostprocessing = 1;
		};
		F286BF3D28C163430005317A /* CopyFiles */ = {
			isa = PBXCopyFilesBuildPhase;
			buildActionMask = 2147483647;
			dstPath = /usr/share/man/man1/;
			dstSubfolderSpec = 0;
			files = (
			);
			runOnlyForDeploymentPostprocessing = 1;
		};
/* End PBXCopyFilesBuildPhase section */

/* Begin PBXFileReference section */
		F207DF2228C01F23002AAF46 /* Lab2 */ = {isa = PBXFileReference; explicitFileType = "compiled.mach-o.executable"; includeInIndex = 0; path = Lab2; sourceTree = BUILT_PRODUCTS_DIR; };
		F207DF2428C01F23002AAF46 /* main.m */ = {isa = PBXFileReference; lastKnownFileType = sourcecode.c.objc; path = main.m; sourceTree = "<group>"; };
		F221CF9728C11ECF0028840C /* Lab3 */ = {isa = PBXFileReference; explicitFileType = "compiled.mach-o.executable"; includeInIndex = 0; path = Lab3; sourceTree = BUILT_PRODUCTS_DIR; };
		F221CF9928C11ECF0028840C /* main.m */ = {isa = PBXFileReference; lastKnownFileType = sourcecode.c.objc; path = main.m; sourceTree = "<group>"; };
		F221CF9E28C125E50028840C /* AdditionQuestion.h */ = {isa = PBXFileReference; lastKnownFileType = sourcecode.c.h; path = AdditionQuestion.h; sourceTree = "<group>"; };
		F221CF9F28C125E50028840C /* AdditionQuestion.m */ = {isa = PBXFileReference; lastKnownFileType = sourcecode.c.objc; path = AdditionQuestion.m; sourceTree = "<group>"; };
		F24017B028C0579400ED9D98 /* Box.h */ = {isa = PBXFileReference; lastKnownFileType = sourcecode.c.h; path = Box.h; sourceTree = "<group>"; };
		F24017B128C0579400ED9D98 /* Box.m */ = {isa = PBXFileReference; lastKnownFileType = sourcecode.c.objc; path = Box.m; sourceTree = "<group>"; };
		F2736AAA28BD1F39004D221F /* TestObjc */ = {isa = PBXFileReference; explicitFileType = "compiled.mach-o.executable"; includeInIndex = 0; path = TestObjc; sourceTree = BUILT_PRODUCTS_DIR; };
		F2736AAD28BD1F39004D221F /* main.m */ = {isa = PBXFileReference; lastKnownFileType = sourcecode.c.objc; path = main.m; sourceTree = "<group>"; };
		F284EE6228BF119A007B8CC7 /* Lab1 */ = {isa = PBXFileReference; explicitFileType = "compiled.mach-o.executable"; includeInIndex = 0; path = Lab1; sourceTree = BUILT_PRODUCTS_DIR; };
		F284EE6428BF119A007B8CC7 /* main.m */ = {isa = PBXFileReference; lastKnownFileType = sourcecode.c.objc; path = main.m; sourceTree = "<group>"; };
		F286BF3528C13CB60005317A /* InputHandler.h */ = {isa = PBXFileReference; lastKnownFileType = sourcecode.c.h; path = InputHandler.h; sourceTree = "<group>"; };
		F286BF3628C13CB60005317A /* InputHandler.m */ = {isa = PBXFileReference; lastKnownFileType = sourcecode.c.objc; path = InputHandler.m; sourceTree = "<group>"; };
		F286BF3828C140270005317A /* ScoreKeeper.h */ = {isa = PBXFileReference; lastKnownFileType = sourcecode.c.h; path = ScoreKeeper.h; sourceTree = "<group>"; };
		F286BF3928C140270005317A /* ScoreKeeper.m */ = {isa = PBXFileReference; lastKnownFileType = sourcecode.c.objc; path = ScoreKeeper.m; sourceTree = "<group>"; };
		F286BF3F28C163430005317A /* Lab4 */ = {isa = PBXFileReference; explicitFileType = "compiled.mach-o.executable"; includeInIndex = 0; path = Lab4; sourceTree = BUILT_PRODUCTS_DIR; };
		F286BF4828C163A20005317A /* main.m */ = {isa = PBXFileReference; fileEncoding = 4; lastKnownFileType = sourcecode.c.objc; name = main.m; path = Lab3/main.m; sourceTree = SOURCE_ROOT; };
		F286BF5028C163FE0005317A /* ScoreKeeper.h */ = {isa = PBXFileReference; fileEncoding = 4; lastKnownFileType = sourcecode.c.h; name = ScoreKeeper.h; path = Lab3/ScoreKeeper.h; sourceTree = SOURCE_ROOT; };
		F286BF5128C1642C0005317A /* ScoreKeeper.m */ = {isa = PBXFileReference; fileEncoding = 4; lastKnownFileType = sourcecode.c.objc; name = ScoreKeeper.m; path = Lab3/ScoreKeeper.m; sourceTree = SOURCE_ROOT; };
		F286BF5328C164400005317A /* InputHandler.m */ = {isa = PBXFileReference; fileEncoding = 4; lastKnownFileType = sourcecode.c.objc; name = InputHandler.m; path = Lab3/InputHandler.m; sourceTree = SOURCE_ROOT; };
		F286BF5528C1644A0005317A /* Question.h */ = {isa = PBXFileReference; fileEncoding = 4; lastKnownFileType = sourcecode.c.h; name = Question.h; path = Lab3/Question.h; sourceTree = SOURCE_ROOT; };
		F286BF5628C164500005317A /* Question.m */ = {isa = PBXFileReference; fileEncoding = 4; lastKnownFileType = sourcecode.c.objc; name = Question.m; path = Lab3/Question.m; sourceTree = SOURCE_ROOT; };
		F286BF5828C167860005317A /* QuestionManager.h */ = {isa = PBXFileReference; lastKnownFileType = sourcecode.c.h; path = QuestionManager.h; sourceTree = "<group>"; };
		F286BF5928C167860005317A /* QuestionManager.m */ = {isa = PBXFileReference; lastKnownFileType = sourcecode.c.objc; path = QuestionManager.m; sourceTree = "<group>"; };
		F286BF5B28C17C570005317A /* AdditionQuestion.h */ = {isa = PBXFileReference; lastKnownFileType = sourcecode.c.h; path = AdditionQuestion.h; sourceTree = "<group>"; };
		F286BF5C28C17C570005317A /* AdditionQuestion.m */ = {isa = PBXFileReference; lastKnownFileType = sourcecode.c.objc; path = AdditionQuestion.m; sourceTree = "<group>"; };
		F286BF5E28C17C660005317A /* SubtractionQuestion.h */ = {isa = PBXFileReference; lastKnownFileType = sourcecode.c.h; path = SubtractionQuestion.h; sourceTree = "<group>"; };
		F286BF5F28C17C660005317A /* SubtractionQuestion.m */ = {isa = PBXFileReference; lastKnownFileType = sourcecode.c.objc; path = SubtractionQuestion.m; sourceTree = "<group>"; };
		F286BF6128C1828D0005317A /* QuestionFactory.h */ = {isa = PBXFileReference; lastKnownFileType = sourcecode.c.h; path = QuestionFactory.h; sourceTree = "<group>"; };
		F286BF6228C1828D0005317A /* QuestionFactory.m */ = {isa = PBXFileReference; lastKnownFileType = sourcecode.c.objc; path = QuestionFactory.m; sourceTree = "<group>"; };
/* End PBXFileReference section */

/* Begin PBXFrameworksBuildPhase section */
		F207DF1F28C01F23002AAF46 /* Frameworks */ = {
			isa = PBXFrameworksBuildPhase;
			buildActionMask = 2147483647;
			files = (
			);
			runOnlyForDeploymentPostprocessing = 0;
		};
		F221CF9428C11ECF0028840C /* Frameworks */ = {
			isa = PBXFrameworksBuildPhase;
			buildActionMask = 2147483647;
			files = (
			);
			runOnlyForDeploymentPostprocessing = 0;
		};
		F2736AA728BD1F39004D221F /* Frameworks */ = {
			isa = PBXFrameworksBuildPhase;
			buildActionMask = 2147483647;
			files = (
			);
			runOnlyForDeploymentPostprocessing = 0;
		};
		F284EE5F28BF119A007B8CC7 /* Frameworks */ = {
			isa = PBXFrameworksBuildPhase;
			buildActionMask = 2147483647;
			files = (
			);
			runOnlyForDeploymentPostprocessing = 0;
		};
		F286BF3C28C163430005317A /* Frameworks */ = {
			isa = PBXFrameworksBuildPhase;
			buildActionMask = 2147483647;
			files = (
			);
			runOnlyForDeploymentPostprocessing = 0;
		};
/* End PBXFrameworksBuildPhase section */

/* Begin PBXGroup section */
		F207DF2328C01F23002AAF46 /* Lab2 */ = {
			isa = PBXGroup;
			children = (
				F207DF2428C01F23002AAF46 /* main.m */,
				F24017B028C0579400ED9D98 /* Box.h */,
				F24017B128C0579400ED9D98 /* Box.m */,
			);
			path = Lab2;
			sourceTree = "<group>";
		};
		F221CF9828C11ECF0028840C /* Lab3 */ = {
			isa = PBXGroup;
			children = (
				F221CF9928C11ECF0028840C /* main.m */,
				F286BF3828C140270005317A /* ScoreKeeper.h */,
				F286BF3928C140270005317A /* ScoreKeeper.m */,
				F286BF3528C13CB60005317A /* InputHandler.h */,
				F286BF3628C13CB60005317A /* InputHandler.m */,
				F221CF9E28C125E50028840C /* AdditionQuestion.h */,
				F221CF9F28C125E50028840C /* AdditionQuestion.m */,
			);
			path = Lab3;
			sourceTree = "<group>";
		};
		F2736AA128BD1F39004D221F = {
			isa = PBXGroup;
			children = (
				F2736AAC28BD1F39004D221F /* TestObjc */,
				F284EE6328BF119A007B8CC7 /* Lab1 */,
				F207DF2328C01F23002AAF46 /* Lab2 */,
				F221CF9828C11ECF0028840C /* Lab3 */,
				F286BF4028C163430005317A /* Lab4 */,
				F2736AAB28BD1F39004D221F /* Products */,
			);
			sourceTree = "<group>";
		};
		F2736AAB28BD1F39004D221F /* Products */ = {
			isa = PBXGroup;
			children = (
				F2736AAA28BD1F39004D221F /* TestObjc */,
				F284EE6228BF119A007B8CC7 /* Lab1 */,
				F207DF2228C01F23002AAF46 /* Lab2 */,
				F221CF9728C11ECF0028840C /* Lab3 */,
				F286BF3F28C163430005317A /* Lab4 */,
			);
			name = Products;
			sourceTree = "<group>";
		};
		F2736AAC28BD1F39004D221F /* TestObjc */ = {
			isa = PBXGroup;
			children = (
				F2736AAD28BD1F39004D221F /* main.m */,
			);
			path = TestObjc;
			sourceTree = "<group>";
		};
		F284EE6328BF119A007B8CC7 /* Lab1 */ = {
			isa = PBXGroup;
			children = (
				F284EE6428BF119A007B8CC7 /* main.m */,
			);
			path = Lab1;
			sourceTree = "<group>";
		};
		F286BF4028C163430005317A /* Lab4 */ = {
			isa = PBXGroup;
			children = (
				F286BF5628C164500005317A /* Question.m */,
				F286BF5528C1644A0005317A /* Question.h */,
				F286BF5B28C17C570005317A /* AdditionQuestion.h */,
				F286BF5C28C17C570005317A /* AdditionQuestion.m */,
				F286BF5E28C17C660005317A /* SubtractionQuestion.h */,
				F286BF5F28C17C660005317A /* SubtractionQuestion.m */,
				F286BF6128C1828D0005317A /* QuestionFactory.h */,
				F286BF6228C1828D0005317A /* QuestionFactory.m */,
				F286BF5328C164400005317A /* InputHandler.m */,
				F286BF5128C1642C0005317A /* ScoreKeeper.m */,
				F286BF5028C163FE0005317A /* ScoreKeeper.h */,
				F286BF4828C163A20005317A /* main.m */,
				F286BF5828C167860005317A /* QuestionManager.h */,
				F286BF5928C167860005317A /* QuestionManager.m */,
			);
			path = Lab4;
			sourceTree = "<group>";
		};
/* End PBXGroup section */

/* Begin PBXNativeTarget section */
		F207DF2128C01F23002AAF46 /* Lab2 */ = {
			isa = PBXNativeTarget;
			buildConfigurationList = F207DF2828C01F23002AAF46 /* Build configuration list for PBXNativeTarget "Lab2" */;
			buildPhases = (
				F207DF1E28C01F23002AAF46 /* Sources */,
				F207DF1F28C01F23002AAF46 /* Frameworks */,
				F207DF2028C01F23002AAF46 /* CopyFiles */,
			);
			buildRules = (
			);
			dependencies = (
			);
			name = Lab2;
			productName = Lab2;
			productReference = F207DF2228C01F23002AAF46 /* Lab2 */;
			productType = "com.apple.product-type.tool";
		};
		F221CF9628C11ECF0028840C /* Lab3 */ = {
			isa = PBXNativeTarget;
			buildConfigurationList = F221CF9D28C11ECF0028840C /* Build configuration list for PBXNativeTarget "Lab3" */;
			buildPhases = (
				F221CF9328C11ECF0028840C /* Sources */,
				F221CF9428C11ECF0028840C /* Frameworks */,
				F221CF9528C11ECF0028840C /* CopyFiles */,
			);
			buildRules = (
			);
			dependencies = (
			);
			name = Lab3;
			productName = Lab3;
			productReference = F221CF9728C11ECF0028840C /* Lab3 */;
			productType = "com.apple.product-type.tool";
		};
		F2736AA928BD1F39004D221F /* TestObjc */ = {
			isa = PBXNativeTarget;
			buildConfigurationList = F2736AB128BD1F39004D221F /* Build configuration list for PBXNativeTarget "TestObjc" */;
			buildPhases = (
				F2736AA628BD1F39004D221F /* Sources */,
				F2736AA728BD1F39004D221F /* Frameworks */,
				F2736AA828BD1F39004D221F /* CopyFiles */,
			);
			buildRules = (
			);
			dependencies = (
			);
			name = TestObjc;
			productName = TestObjc;
			productReference = F2736AAA28BD1F39004D221F /* TestObjc */;
			productType = "com.apple.product-type.tool";
		};
		F284EE6128BF119A007B8CC7 /* Lab1 */ = {
			isa = PBXNativeTarget;
			buildConfigurationList = F284EE6628BF119A007B8CC7 /* Build configuration list for PBXNativeTarget "Lab1" */;
			buildPhases = (
				F284EE5E28BF119A007B8CC7 /* Sources */,
				F284EE5F28BF119A007B8CC7 /* Frameworks */,
				F284EE6028BF119A007B8CC7 /* CopyFiles */,
			);
			buildRules = (
			);
			dependencies = (
			);
			name = Lab1;
			productName = Lab1;
			productReference = F284EE6228BF119A007B8CC7 /* Lab1 */;
			productType = "com.apple.product-type.tool";
		};
		F286BF3E28C163430005317A /* Lab4 */ = {
			isa = PBXNativeTarget;
			buildConfigurationList = F286BF4328C163430005317A /* Build configuration list for PBXNativeTarget "Lab4" */;
			buildPhases = (
				F286BF3B28C163430005317A /* Sources */,
				F286BF3C28C163430005317A /* Frameworks */,
				F286BF3D28C163430005317A /* CopyFiles */,
			);
			buildRules = (
			);
			dependencies = (
			);
			name = Lab4;
			productName = Lab4;
			productReference = F286BF3F28C163430005317A /* Lab4 */;
			productType = "com.apple.product-type.tool";
		};
/* End PBXNativeTarget section */

/* Begin PBXProject section */
		F2736AA228BD1F39004D221F /* Project object */ = {
			isa = PBXProject;
			attributes = {
				BuildIndependentTargetsInParallel = 1;
				LastUpgradeCheck = 1340;
				TargetAttributes = {
					F207DF2128C01F23002AAF46 = {
						CreatedOnToolsVersion = 13.4.1;
					};
					F221CF9628C11ECF0028840C = {
						CreatedOnToolsVersion = 13.4.1;
					};
					F2736AA928BD1F39004D221F = {
						CreatedOnToolsVersion = 13.4.1;
					};
					F284EE6128BF119A007B8CC7 = {
						CreatedOnToolsVersion = 13.4.1;
					};
					F286BF3E28C163430005317A = {
						CreatedOnToolsVersion = 13.4.1;
					};
				};
			};
			buildConfigurationList = F2736AA528BD1F39004D221F /* Build configuration list for PBXProject "TestObjc" */;
			compatibilityVersion = "Xcode 13.0";
			developmentRegion = en;
			hasScannedForEncodings = 0;
			knownRegions = (
				en,
				Base,
			);
			mainGroup = F2736AA128BD1F39004D221F;
			productRefGroup = F2736AAB28BD1F39004D221F /* Products */;
			projectDirPath = "";
			projectRoot = "";
			targets = (
				F2736AA928BD1F39004D221F /* TestObjc */,
				F284EE6128BF119A007B8CC7 /* Lab1 */,
				F207DF2128C01F23002AAF46 /* Lab2 */,
				F221CF9628C11ECF0028840C /* Lab3 */,
				F286BF3E28C163430005317A /* Lab4 */,
			);
		};
/* End PBXProject section */

/* Begin PBXSourcesBuildPhase section */
		F207DF1E28C01F23002AAF46 /* Sources */ = {
			isa = PBXSourcesBuildPhase;
			buildActionMask = 2147483647;
			files = (
				F207DF2528C01F23002AAF46 /* main.m in Sources */,
				F24017B228C0579400ED9D98 /* Box.m in Sources */,
			);
			runOnlyForDeploymentPostprocessing = 0;
		};
		F221CF9328C11ECF0028840C /* Sources */ = {
			isa = PBXSourcesBuildPhase;
			buildActionMask = 2147483647;
			files = (
				F286BF4D28C163EC0005317A /* ScoreKeeper.m in Sources */,
				F286BF4E28C163EC0005317A /* AdditionQuestion.m in Sources */,
				F221CF9A28C11ECF0028840C /* main.m in Sources */,
				F286BF4F28C163EC0005317A /* InputHandler.m in Sources */,
			);
			runOnlyForDeploymentPostprocessing = 0;
		};
		F2736AA628BD1F39004D221F /* Sources */ = {
			isa = PBXSourcesBuildPhase;
			buildActionMask = 2147483647;
			files = (
				F2736AAE28BD1F39004D221F /* main.m in Sources */,
			);
			runOnlyForDeploymentPostprocessing = 0;
		};
		F284EE5E28BF119A007B8CC7 /* Sources */ = {
			isa = PBXSourcesBuildPhase;
			buildActionMask = 2147483647;
			files = (
				F284EE6528BF119A007B8CC7 /* main.m in Sources */,
			);
			runOnlyForDeploymentPostprocessing = 0;
		};
		F286BF3B28C163430005317A /* Sources */ = {
			isa = PBXSourcesBuildPhase;
			buildActionMask = 2147483647;
			files = (
				F286BF5A28C167860005317A /* QuestionManager.m in Sources */,
				F286BF5D28C17C570005317A /* AdditionQuestion.m in Sources */,
				F286BF6028C17C660005317A /* SubtractionQuestion.m in Sources */,
				F286BF5228C1642C0005317A /* ScoreKeeper.m in Sources */,
				F286BF6328C1828D0005317A /* QuestionFactory.m in Sources */,
				F286BF5728C164500005317A /* Question.m in Sources */,
				F286BF5428C164400005317A /* InputHandler.m in Sources */,
				F286BF4928C163A20005317A /* main.m in Sources */,
			);
			runOnlyForDeploymentPostprocessing = 0;
		};
/* End PBXSourcesBuildPhase section */

/* Begin XCBuildConfiguration section */
		F207DF2628C01F23002AAF46 /* Debug */ = {
			isa = XCBuildConfiguration;
			buildSettings = {
				CODE_SIGN_STYLE = Automatic;
				PRODUCT_NAME = "$(TARGET_NAME)";
			};
			name = Debug;
		};
		F207DF2728C01F23002AAF46 /* Release */ = {
			isa = XCBuildConfiguration;
			buildSettings = {
				CODE_SIGN_STYLE = Automatic;
				PRODUCT_NAME = "$(TARGET_NAME)";
			};
			name = Release;
		};
		F221CF9B28C11ECF0028840C /* Debug */ = {
			isa = XCBuildConfiguration;
			buildSettings = {
				CODE_SIGN_STYLE = Automatic;
				PRODUCT_NAME = "$(TARGET_NAME)";
			};
			name = Debug;
		};
		F221CF9C28C11ECF0028840C /* Release */ = {
			isa = XCBuildConfiguration;
			buildSettings = {
				CODE_SIGN_STYLE = Automatic;
				PRODUCT_NAME = "$(TARGET_NAME)";
			};
			name = Release;
		};
		F2736AAF28BD1F39004D221F /* Debug */ = {
			isa = XCBuildConfiguration;
			buildSettings = {
				ALWAYS_SEARCH_USER_PATHS = NO;
				CLANG_ANALYZER_NONNULL = YES;
				CLANG_ANALYZER_NUMBER_OBJECT_CONVERSION = YES_AGGRESSIVE;
				CLANG_CXX_LANGUAGE_STANDARD = "gnu++17";
				CLANG_ENABLE_MODULES = YES;
				CLANG_ENABLE_OBJC_ARC = YES;
				CLANG_ENABLE_OBJC_WEAK = YES;
				CLANG_WARN_BLOCK_CAPTURE_AUTORELEASING = YES;
				CLANG_WARN_BOOL_CONVERSION = YES;
				CLANG_WARN_COMMA = YES;
				CLANG_WARN_CONSTANT_CONVERSION = YES;
				CLANG_WARN_DEPRECATED_OBJC_IMPLEMENTATIONS = YES;
				CLANG_WARN_DIRECT_OBJC_ISA_USAGE = YES_ERROR;
				CLANG_WARN_DOCUMENTATION_COMMENTS = YES;
				CLANG_WARN_EMPTY_BODY = YES;
				CLANG_WARN_ENUM_CONVERSION = YES;
				CLANG_WARN_INFINITE_RECURSION = YES;
				CLANG_WARN_INT_CONVERSION = YES;
				CLANG_WARN_NON_LITERAL_NULL_CONVERSION = YES;
				CLANG_WARN_OBJC_IMPLICIT_RETAIN_SELF = YES;
				CLANG_WARN_OBJC_LITERAL_CONVERSION = YES;
				CLANG_WARN_OBJC_ROOT_CLASS = YES_ERROR;
				CLANG_WARN_QUOTED_INCLUDE_IN_FRAMEWORK_HEADER = YES;
				CLANG_WARN_RANGE_LOOP_ANALYSIS = YES;
				CLANG_WARN_STRICT_PROTOTYPES = YES;
				CLANG_WARN_SUSPICIOUS_MOVE = YES;
				CLANG_WARN_UNGUARDED_AVAILABILITY = YES_AGGRESSIVE;
				CLANG_WARN_UNREACHABLE_CODE = YES;
				CLANG_WARN__DUPLICATE_METHOD_MATCH = YES;
				COPY_PHASE_STRIP = NO;
				DEBUG_INFORMATION_FORMAT = dwarf;
				ENABLE_STRICT_OBJC_MSGSEND = YES;
				ENABLE_TESTABILITY = YES;
				GCC_C_LANGUAGE_STANDARD = gnu11;
				GCC_DYNAMIC_NO_PIC = NO;
				GCC_NO_COMMON_BLOCKS = YES;
				GCC_OPTIMIZATION_LEVEL = 0;
				GCC_PREPROCESSOR_DEFINITIONS = (
					"DEBUG=1",
					"$(inherited)",
				);
				GCC_WARN_64_TO_32_BIT_CONVERSION = YES;
				GCC_WARN_ABOUT_RETURN_TYPE = YES_ERROR;
				GCC_WARN_UNDECLARED_SELECTOR = YES;
				GCC_WARN_UNINITIALIZED_AUTOS = YES_AGGRESSIVE;
				GCC_WARN_UNUSED_FUNCTION = YES;
				GCC_WARN_UNUSED_VARIABLE = YES;
				MACOSX_DEPLOYMENT_TARGET = 12.3;
				MTL_ENABLE_DEBUG_INFO = INCLUDE_SOURCE;
				MTL_FAST_MATH = YES;
				ONLY_ACTIVE_ARCH = YES;
				SDKROOT = macosx;
			};
			name = Debug;
		};
		F2736AB028BD1F39004D221F /* Release */ = {
			isa = XCBuildConfiguration;
			buildSettings = {
				ALWAYS_SEARCH_USER_PATHS = NO;
				CLANG_ANALYZER_NONNULL = YES;
				CLANG_ANALYZER_NUMBER_OBJECT_CONVERSION = YES_AGGRESSIVE;
				CLANG_CXX_LANGUAGE_STANDARD = "gnu++17";
				CLANG_ENABLE_MODULES = YES;
				CLANG_ENABLE_OBJC_ARC = YES;
				CLANG_ENABLE_OBJC_WEAK = YES;
				CLANG_WARN_BLOCK_CAPTURE_AUTORELEASING = YES;
				CLANG_WARN_BOOL_CONVERSION = YES;
				CLANG_WARN_COMMA = YES;
				CLANG_WARN_CONSTANT_CONVERSION = YES;
				CLANG_WARN_DEPRECATED_OBJC_IMPLEMENTATIONS = YES;
				CLANG_WARN_DIRECT_OBJC_ISA_USAGE = YES_ERROR;
				CLANG_WARN_DOCUMENTATION_COMMENTS = YES;
				CLANG_WARN_EMPTY_BODY = YES;
				CLANG_WARN_ENUM_CONVERSION = YES;
				CLANG_WARN_INFINITE_RECURSION = YES;
				CLANG_WARN_INT_CONVERSION = YES;
				CLANG_WARN_NON_LITERAL_NULL_CONVERSION = YES;
				CLANG_WARN_OBJC_IMPLICIT_RETAIN_SELF = YES;
				CLANG_WARN_OBJC_LITERAL_CONVERSION = YES;
				CLANG_WARN_OBJC_ROOT_CLASS = YES_ERROR;
				CLANG_WARN_QUOTED_INCLUDE_IN_FRAMEWORK_HEADER = YES;
				CLANG_WARN_RANGE_LOOP_ANALYSIS = YES;
				CLANG_WARN_STRICT_PROTOTYPES = YES;
				CLANG_WARN_SUSPICIOUS_MOVE = YES;
				CLANG_WARN_UNGUARDED_AVAILABILITY = YES_AGGRESSIVE;
				CLANG_WARN_UNREACHABLE_CODE = YES;
				CLANG_WARN__DUPLICATE_METHOD_MATCH = YES;
				COPY_PHASE_STRIP = NO;
				DEBUG_INFORMATION_FORMAT = "dwarf-with-dsym";
				ENABLE_NS_ASSERTIONS = NO;
				ENABLE_STRICT_OBJC_MSGSEND = YES;
				GCC_C_LANGUAGE_STANDARD = gnu11;
				GCC_NO_COMMON_BLOCKS = YES;
				GCC_WARN_64_TO_32_BIT_CONVERSION = YES;
				GCC_WARN_ABOUT_RETURN_TYPE = YES_ERROR;
				GCC_WARN_UNDECLARED_SELECTOR = YES;
				GCC_WARN_UNINITIALIZED_AUTOS = YES_AGGRESSIVE;
				GCC_WARN_UNUSED_FUNCTION = YES;
				GCC_WARN_UNUSED_VARIABLE = YES;
				MACOSX_DEPLOYMENT_TARGET = 12.3;
				MTL_ENABLE_DEBUG_INFO = NO;
				MTL_FAST_MATH = YES;
				SDKROOT = macosx;
			};
			name = Release;
		};
		F2736AB228BD1F39004D221F /* Debug */ = {
			isa = XCBuildConfiguration;
			buildSettings = {
				CODE_SIGN_STYLE = Automatic;
				PRODUCT_NAME = "$(TARGET_NAME)";
			};
			name = Debug;
		};
		F2736AB328BD1F39004D221F /* Release */ = {
			isa = XCBuildConfiguration;
			buildSettings = {
				CODE_SIGN_STYLE = Automatic;
				PRODUCT_NAME = "$(TARGET_NAME)";
			};
			name = Release;
		};
		F284EE6728BF119A007B8CC7 /* Debug */ = {
			isa = XCBuildConfiguration;
			buildSettings = {
				CODE_SIGN_STYLE = Automatic;
				PRODUCT_NAME = "$(TARGET_NAME)";
			};
			name = Debug;
		};
		F284EE6828BF119A007B8CC7 /* Release */ = {
			isa = XCBuildConfiguration;
			buildSettings = {
				CODE_SIGN_STYLE = Automatic;
				PRODUCT_NAME = "$(TARGET_NAME)";
			};
			name = Release;
		};
		F286BF4428C163430005317A /* Debug */ = {
			isa = XCBuildConfiguration;
			buildSettings = {
				CODE_SIGN_STYLE = Automatic;
				PRODUCT_NAME = "$(TARGET_NAME)";
			};
			name = Debug;
		};
		F286BF4528C163430005317A /* Release */ = {
			isa = XCBuildConfiguration;
			buildSettings = {
				CODE_SIGN_STYLE = Automatic;
				PRODUCT_NAME = "$(TARGET_NAME)";
			};
			name = Release;
		};
/* End XCBuildConfiguration section */

/* Begin XCConfigurationList section */
		F207DF2828C01F23002AAF46 /* Build configuration list for PBXNativeTarget "Lab2" */ = {
			isa = XCConfigurationList;
			buildConfigurations = (
				F207DF2628C01F23002AAF46 /* Debug */,
				F207DF2728C01F23002AAF46 /* Release */,
			);
			defaultConfigurationIsVisible = 0;
			defaultConfigurationName = Release;
		};
		F221CF9D28C11ECF0028840C /* Build configuration list for PBXNativeTarget "Lab3" */ = {
			isa = XCConfigurationList;
			buildConfigurations = (
				F221CF9B28C11ECF0028840C /* Debug */,
				F221CF9C28C11ECF0028840C /* Release */,
			);
			defaultConfigurationIsVisible = 0;
			defaultConfigurationName = Release;
		};
		F2736AA528BD1F39004D221F /* Build configuration list for PBXProject "TestObjc" */ = {
			isa = XCConfigurationList;
			buildConfigurations = (
				F2736AAF28BD1F39004D221F /* Debug */,
				F2736AB028BD1F39004D221F /* Release */,
			);
			defaultConfigurationIsVisible = 0;
			defaultConfigurationName = Release;
		};
		F2736AB128BD1F39004D221F /* Build configuration list for PBXNativeTarget "TestObjc" */ = {
			isa = XCConfigurationList;
			buildConfigurations = (
				F2736AB228BD1F39004D221F /* Debug */,
				F2736AB328BD1F39004D221F /* Release */,
			);
			defaultConfigurationIsVisible = 0;
			defaultConfigurationName = Release;
		};
		F284EE6628BF119A007B8CC7 /* Build configuration list for PBXNativeTarget "Lab1" */ = {
			isa = XCConfigurationList;
			buildConfigurations = (
				F284EE6728BF119A007B8CC7 /* Debug */,
				F284EE6828BF119A007B8CC7 /* Release */,
			);
			defaultConfigurationIsVisible = 0;
			defaultConfigurationName = Release;
		};
		F286BF4328C163430005317A /* Build configuration list for PBXNativeTarget "Lab4" */ = {
			isa = XCConfigurationList;
			buildConfigurations = (
				F286BF4428C163430005317A /* Debug */,
				F286BF4528C163430005317A /* Release */,
			);
			defaultConfigurationIsVisible = 0;
			defaultConfigurationName = Release;
		};
/* End XCConfigurationList section */
	};
	rootObject = F2736AA228BD1F39004D221F /* Project object */;
}
